// !$*UTF8*$!
{
	archiveVersion = 1;
	classes = {
	};
	objectVersion = 77;
	objects = {

/* Begin PBXBuildFile section */
		A2D563AA2F2F5FDE00DCF654 /* GoogleMobileAds in Frameworks */ = {isa = PBXBuildFile; productRef = A2D563A92F2F5FDE00DCF654 /* GoogleMobileAds */; };
/* End PBXBuildFile section */

/* Begin PBXContainerItemProxy section */
		478CAC442F13A194002E5C1B /* PBXContainerItemProxy */ = {
			isa = PBXContainerItemProxy;
			containerPortal = 478CAC2E2F13A193002E5C1B /* Project object */;
			proxyType = 1;
			remoteGlobalIDString = 478CAC352F13A193002E5C1B;
			remoteInfo = DemoiOSInterview;
		};
		478CAC4E2F13A194002E5C1B /* PBXContainerItemProxy */ = {
			isa = PBXContainerItemProxy;
			containerPortal = 478CAC2E2F13A193002E5C1B /* Project object */;
			proxyType = 1;
			remoteGlobalIDString = 478CAC352F13A193002E5C1B;
			remoteInfo = DemoiOSInterview;
		};
/* End PBXContainerItemProxy section */

/* Begin PBXFileReference section */
		478CAC362F13A193002E5C1B /* DemoiOSInterview.app */ = {isa = PBXFileReference; explicitFileType = wrapper.application; includeInIndex = 0; path = DemoiOSInterview.app; sourceTree = BUILT_PRODUCTS_DIR; };
		478CAC432F13A194002E5C1B /* DemoiOSInterviewTests.xctest */ = {isa = PBXFileReference; explicitFileType = wrapper.cfbundle; includeInIndex = 0; path = DemoiOSInterviewTests.xctest; sourceTree = BUILT_PRODUCTS_DIR; };
		478CAC4D2F13A194002E5C1B /* DemoiOSInterviewUITests.xctest */ = {isa = PBXFileReference; explicitFileType = wrapper.cfbundle; includeInIndex = 0; path = DemoiOSInterviewUITests.xctest; sourceTree = BUILT_PRODUCTS_DIR; };
/* End PBXFileReference section */

/* Begin PBXFileSystemSynchronizedBuildFileExceptionSet section */
		A2A60B882F2F5AC5008F240D /* Exceptions for "DemoiOSInterview" folder in "DemoiOSInterview" target */ = {
			isa = PBXFileSystemSynchronizedBuildFileExceptionSet;
			membershipExceptions = (
				Info.plist,
			);
			target = 478CAC352F13A193002E5C1B /* DemoiOSInterview */;
		};
/* End PBXFileSystemSynchronizedBuildFileExceptionSet section */

/* Begin PBXFileSystemSynchronizedRootGroup section */
		478CAC382F13A193002E5C1B /* DemoiOSInterview */ = {
			isa = PBXFileSystemSynchronizedRootGroup;
			exceptions = (
				A2A60B882F2F5AC5008F240D /* Exceptions for "DemoiOSInterview" folder in "DemoiOSInterview" target */,
			);
			path = DemoiOSInterview;
			sourceTree = "<group>";
		};
		478CAC462F13A194002E5C1B /* DemoiOSInterviewTests */ = {
			isa = PBXFileSystemSynchronizedRootGroup;
			path = DemoiOSInterviewTests;
			sourceTree = "<group>";
		};
		478CAC502F13A194002E5C1B /* DemoiOSInterviewUITests */ = {
			isa = PBXFileSystemSynchronizedRootGroup;
			path = DemoiOSInterviewUITests;
			sourceTree = "<group>";
		};
/* End PBXFileSystemSynchronizedRootGroup section */

/* Begin PBXFrameworksBuildPhase section */
		478CAC332F13A193002E5C1B /* Frameworks */ = {
			isa = PBXFrameworksBuildPhase;
			buildActionMask = 2147483647;
			files = (
				A2D563AA2F2F5FDE00DCF654 /* GoogleMobileAds in Frameworks */,
			);
			runOnlyForDeploymentPostprocessing = 0;
		};
		478CAC402F13A194002E5C1B /* Frameworks */ = {
			isa = PBXFrameworksBuildPhase;
			buildActionMask = 2147483647;
			files = (
			);
			runOnlyForDeploymentPostprocessing = 0;
		};
		478CAC4A2F13A194002E5C1B /* Frameworks */ = {
			isa = PBXFrameworksBuildPhase;
			buildActionMask = 2147483647;
			files = (
			);
			runOnlyForDeploymentPostprocessing = 0;
		};
/* End PBXFrameworksBuildPhase section */

/* Begin PBXGroup section */
		478CAC2D2F13A193002E5C1B = {
			isa = PBXGroup;
			children = (
				478CAC382F13A193002E5C1B /* DemoiOSInterview */,
				478CAC462F13A194002E5C1B /* DemoiOSInterviewTests */,
				478CAC502F13A194002E5C1B /* DemoiOSInterviewUITests */,
				478CAC372F13A193002E5C1B /* Products */,
			);
			sourceTree = "<group>";
		};
		478CAC372F13A193002E5C1B /* Products */ = {
			isa = PBXGroup;
			children = (
				478CAC362F13A193002E5C1B /* DemoiOSInterview.app */,
				478CAC432F13A194002E5C1B /* DemoiOSInterviewTests.xctest */,
				478CAC4D2F13A194002E5C1B /* DemoiOSInterviewUITests.xctest */,
			);
			name = Products;
			sourceTree = "<group>";
		};
/* End PBXGroup section */

/* Begin PBXNativeTarget section */
		478CAC352F13A193002E5C1B /* DemoiOSInterview */ = {
			isa = PBXNativeTarget;
			buildConfigurationList = 478CAC572F13A194002E5C1B /* Build configuration list for PBXNativeTarget "DemoiOSInterview" */;
			buildPhases = (
				478CAC322F13A193002E5C1B /* Sources */,
				478CAC332F13A193002E5C1B /* Frameworks */,
				478CAC342F13A193002E5C1B /* Resources */,
			);
			buildRules = (
			);
			dependencies = (
			);
			fileSystemSynchronizedGroups = (
				478CAC382F13A193002E5C1B /* DemoiOSInterview */,
			);
			name = DemoiOSInterview;
			packageProductDependencies = (
				A2D563A92F2F5FDE00DCF654 /* GoogleMobileAds */,
			);
			productName = DemoiOSInterview;
			productReference = 478CAC362F13A193002E5C1B /* DemoiOSInterview.app */;
			productType = "com.apple.product-type.application";
		};
		478CAC422F13A194002E5C1B /* DemoiOSInterviewTests */ = {
			isa = PBXNativeTarget;
			buildConfigurationList = 478CAC5A2F13A194002E5C1B /* Build configuration list for PBXNativeTarget "DemoiOSInterviewTests" */;
			buildPhases = (
				478CAC3F2F13A194002E5C1B /* Sources */,
				478CAC402F13A194002E5C1B /* Frameworks */,
				478CAC412F13A194002E5C1B /* Resources */,
			);
			buildRules = (
			);
			dependencies = (
				478CAC452F13A194002E5C1B /* PBXTargetDependency */,
			);
			fileSystemSynchronizedGroups = (
				478CAC462F13A194002E5C1B /* DemoiOSInterviewTests */,
			);
			name = DemoiOSInterviewTests;
			packageProductDependencies = (
			);
			productName = DemoiOSInterviewTests;
			productReference = 478CAC432F13A194002E5C1B /* DemoiOSInterviewTests.xctest */;
			productType = "com.apple.product-type.bundle.unit-test";
		};
		478CAC4C2F13A194002E5C1B /* DemoiOSInterviewUITests */ = {
			isa = PBXNativeTarget;
			buildConfigurationList = 478CAC5D2F13A194002E5C1B /* Build configuration list for PBXNativeTarget "DemoiOSInterviewUITests" */;
			buildPhases = (
				478CAC492F13A194002E5C1B /* Sources */,
				478CAC4A2F13A194002E5C1B /* Frameworks */,
				478CAC4B2F13A194002E5C1B /* Resources */,
			);
			buildRules = (
			);
			dependencies = (
				478CAC4F2F13A194002E5C1B /* PBXTargetDependency */,
			);
			fileSystemSynchronizedGroups = (
				478CAC502F13A194002E5C1B /* DemoiOSInterviewUITests */,
			);
			name = DemoiOSInterviewUITests;
			packageProductDependencies = (
			);
			productName = DemoiOSInterviewUITests;
			productReference = 478CAC4D2F13A194002E5C1B /* DemoiOSInterviewUITests.xctest */;
			productType = "com.apple.product-type.bundle.ui-testing";
		};
/* End PBXNativeTarget section */

/* Begin PBXProject section */
		478CAC2E2F13A193002E5C1B /* Project object */ = {
			isa = PBXProject;
			attributes = {
				BuildIndependentTargetsInParallel = 1;
				LastSwiftUpdateCheck = 2620;
				LastUpgradeCheck = 2620;
				TargetAttributes = {
					478CAC352F13A193002E5C1B = {
						CreatedOnToolsVersion = 26.2;
					};
					478CAC422F13A194002E5C1B = {
						CreatedOnToolsVersion = 26.2;
						TestTargetID = 478CAC352F13A193002E5C1B;
					};
					478CAC4C2F13A194002E5C1B = {
						CreatedOnToolsVersion = 26.2;
						TestTargetID = 478CAC352F13A193002E5C1B;
					};
				};
			};
			buildConfigurationList = 478CAC312F13A193002E5C1B /* Build configuration list for PBXProject "DemoiOSInterview" */;
			developmentRegion = en;
			hasScannedForEncodings = 0;
			knownRegions = (
				en,
				Base,
			);
			mainGroup = 478CAC2D2F13A193002E5C1B;
			minimizedProjectReferenceProxies = 1;
			packageReferences = (
				A2D563A82F2F5FDE00DCF654 /* XCRemoteSwiftPackageReference "swift-package-manager-google-mobile-ads" */,
			);
			preferredProjectObjectVersion = 77;
			productRefGroup = 478CAC372F13A193002E5C1B /* Products */;
			projectDirPath = "";
			projectRoot = "";
			targets = (
				478CAC352F13A193002E5C1B /* DemoiOSInterview */,
				478CAC422F13A194002E5C1B /* DemoiOSInterviewTests */,
				478CAC4C2F13A194002E5C1B /* DemoiOSInterviewUITests */,
			);
		};
/* End PBXProject section */

/* Begin PBXResourcesBuildPhase section */
		478CAC342F13A193002E5C1B /* Resources */ = {
			isa = PBXResourcesBuildPhase;
			buildActionMask = 2147483647;
			files = (
			);
			runOnlyForDeploymentPostprocessing = 0;
		};
		478CAC412F13A194002E5C1B /* Resources */ = {
			isa = PBXResourcesBuildPhase;
			buildActionMask = 2147483647;
			files = (
			);
			runOnlyForDeploymentPostprocessing = 0;
		};
		478CAC4B2F13A194002E5C1B /* Resources */ = {
			isa = PBXResourcesBuildPhase;
			buildActionMask = 2147483647;
			files = (
			);
			runOnlyForDeploymentPostprocessing = 0;
		};
/* End PBXResourcesBuildPhase section */

/* Begin PBXSourcesBuildPhase section */
		478CAC322F13A193002E5C1B /* Sources */ = {
			isa = PBXSourcesBuildPhase;
			buildActionMask = 2147483647;
			files = (
			);
			runOnlyForDeploymentPostprocessing = 0;
		};
		478CAC3F2F13A194002E5C1B /* Sources */ = {
			isa = PBXSourcesBuildPhase;
			buildActionMask = 2147483647;
			files = (
			);
			runOnlyForDeploymentPostprocessing = 0;
		};
		478CAC492F13A194002E5C1B /* Sources */ = {
			isa = PBXSourcesBuildPhase;
			buildActionMask = 2147483647;
			files = (
			);
			runOnlyForDeploymentPostprocessing = 0;
		};
/* End PBXSourcesBuildPhase section */

/* Begin PBXTargetDependency section */
		478CAC452F13A194002E5C1B /* PBXTargetDependency */ = {
			isa = PBXTargetDependency;
			target = 478CAC352F13A193002E5C1B /* DemoiOSInterview */;
			targetProxy = 478CAC442F13A194002E5C1B /* PBXContainerItemProxy */;
		};
		478CAC4F2F13A194002E5C1B /* PBXTargetDependency */ = {
			isa = PBXTargetDependency;
			target = 478CAC352F13A193002E5C1B /* DemoiOSInterview */;
			targetProxy = 478CAC4E2F13A194002E5C1B /* PBXContainerItemProxy */;
		};
/* End PBXTargetDependency section */

/* Begin XCBuildConfiguration section */
		478CAC552F13A194002E5C1B /* Debug */ = {
			isa = XCBuildConfiguration;
			buildSettings = {
				ALWAYS_SEARCH_USER_PATHS = NO;
				ASSETCATALOG_COMPILER_GENERATE_SWIFT_ASSET_SYMBOL_EXTENSIONS = YES;
				CLANG_ANALYZER_NONNULL = YES;
				CLANG_ANALYZER_NUMBER_OBJECT_CONVERSION = YES_AGGRESSIVE;
				CLANG_CXX_LANGUAGE_STANDARD = "gnu++20";
				CLANG_ENABLE_MODULES = YES;
				CLANG_ENABLE_OBJC_ARC = YES;
				CLANG_ENABLE_OBJC_WEAK = YES;
				CLANG_WARN_BLOCK_CAPTURE_AUTORELEASING = YES;
				CLANG_WARN_BOOL_CONVERSION = YES;
				CLANG_WARN_COMMA = YES;
				CLANG_WARN_CONSTANT_CONVERSION = YES;
				CLANG_WARN_DEPRECATED_OBJC_IMPLEMENTATIONS = YES;
				CLANG_WARN_DIRECT_OBJC_ISA_USAGE = YES_ERROR;
				CLANG_WARN_DOCUMENTATION_COMMENTS = YES;
				CLANG_WARN_EMPTY_BODY = YES;
				CLANG_WARN_ENUM_CONVERSION = YES;
				CLANG_WARN_INFINITE_RECURSION = YES;
				CLANG_WARN_INT_CONVERSION = YES;
				CLANG_WARN_NON_LITERAL_NULL_CONVERSION = YES;
				CLANG_WARN_OBJC_IMPLICIT_RETAIN_SELF = YES;
				CLANG_WARN_OBJC_LITERAL_CONVERSION = YES;
				CLANG_WARN_OBJC_ROOT_CLASS = YES_ERROR;
				CLANG_WARN_QUOTED_INCLUDE_IN_FRAMEWORK_HEADER = YES;
				CLANG_WARN_RANGE_LOOP_ANALYSIS = YES;
				CLANG_WARN_STRICT_PROTOTYPES = YES;
				CLANG_WARN_SUSPICIOUS_MOVE = YES;
				CLANG_WARN_UNGUARDED_AVAILABILITY = YES_AGGRESSIVE;
				CLANG_WARN_UNREACHABLE_CODE = YES;
				CLANG_WARN__DUPLICATE_METHOD_MATCH = YES;
				COPY_PHASE_STRIP = NO;
				DEBUG_INFORMATION_FORMAT = dwarf;
				ENABLE_STRICT_OBJC_MSGSEND = YES;
				ENABLE_TESTABILITY = YES;
				ENABLE_USER_SCRIPT_SANDBOXING = YES;
				GCC_C_LANGUAGE_STANDARD = gnu17;
				GCC_DYNAMIC_NO_PIC = NO;
				GCC_NO_COMMON_BLOCKS = YES;
				GCC_OPTIMIZATION_LEVEL = 0;
				GCC_PREPROCESSOR_DEFINITIONS = (
					"DEBUG=1",
					"$(inherited)",
				);
				GCC_WARN_64_TO_32_BIT_CONVERSION = YES;
				GCC_WARN_ABOUT_RETURN_TYPE = YES_ERROR;
				GCC_WARN_UNDECLARED_SELECTOR = YES;
				GCC_WARN_UNINITIALIZED_AUTOS = YES_AGGRESSIVE;
				GCC_WARN_UNUSED_FUNCTION = YES;
				GCC_WARN_UNUSED_VARIABLE = YES;
				IPHONEOS_DEPLOYMENT_TARGET = 26.2;
				LOCALIZATION_PREFERS_STRING_CATALOGS = YES;
				MTL_ENABLE_DEBUG_INFO = INCLUDE_SOURCE;
				MTL_FAST_MATH = YES;
				ONLY_ACTIVE_ARCH = YES;
				SDKROOT = iphoneos;
				SWIFT_ACTIVE_COMPILATION_CONDITIONS = "DEBUG $(inherited)";
				SWIFT_OPTIMIZATION_LEVEL = "-Onone";
			};
			name = Debug;
		};
		478CAC562F13A194002E5C1B /* Release */ = {
			isa = XCBuildConfiguration;
			buildSettings = {
				ALWAYS_SEARCH_USER_PATHS = NO;
				ASSETCATALOG_COMPILER_GENERATE_SWIFT_ASSET_SYMBOL_EXTENSIONS = YES;
				CLANG_ANALYZER_NONNULL = YES;
				CLANG_ANALYZER_NUMBER_OBJECT_CONVERSION = YES_AGGRESSIVE;
				CLANG_CXX_LANGUAGE_STANDARD = "gnu++20";
				CLANG_ENABLE_MODULES = YES;
				CLANG_ENABLE_OBJC_ARC = YES;
				CLANG_ENABLE_OBJC_WEAK = YES;
				CLANG_WARN_BLOCK_CAPTURE_AUTORELEASING = YES;
				CLANG_WARN_BOOL_CONVERSION = YES;
				CLANG_WARN_COMMA = YES;
				CLANG_WARN_CONSTANT_CONVERSION = YES;
				CLANG_WARN_DEPRECATED_OBJC_IMPLEMENTATIONS = YES;
				CLANG_WARN_DIRECT_OBJC_ISA_USAGE = YES_ERROR;
				CLANG_WARN_DOCUMENTATION_COMMENTS = YES;
				CLANG_WARN_EMPTY_BODY = YES;
				CLANG_WARN_ENUM_CONVERSION = YES;
				CLANG_WARN_INFINITE_RECURSION = YES;
				CLANG_WARN_INT_CONVERSION = YES;
				CLANG_WARN_NON_LITERAL_NULL_CONVERSION = YES;
				CLANG_WARN_OBJC_IMPLICIT_RETAIN_SELF = YES;
				CLANG_WARN_OBJC_LITERAL_CONVERSION = YES;
				CLANG_WARN_OBJC_ROOT_CLASS = YES_ERROR;
				CLANG_WARN_QUOTED_INCLUDE_IN_FRAMEWORK_HEADER = YES;
				CLANG_WARN_RANGE_LOOP_ANALYSIS = YES;
				CLANG_WARN_STRICT_PROTOTYPES = YES;
				CLANG_WARN_SUSPICIOUS_MOVE = YES;
				CLANG_WARN_UNGUARDED_AVAILABILITY = YES_AGGRESSIVE;
				CLANG_WARN_UNREACHABLE_CODE = YES;
				CLANG_WARN__DUPLICATE_METHOD_MATCH = YES;
				COPY_PHASE_STRIP = NO;
				DEBUG_INFORMATION_FORMAT = "dwarf-with-dsym";
				ENABLE_NS_ASSERTIONS = NO;
				ENABLE_STRICT_OBJC_MSGSEND = YES;
				ENABLE_USER_SCRIPT_SANDBOXING = YES;
				GCC_C_LANGUAGE_STANDARD = gnu17;
				GCC_NO_COMMON_BLOCKS = YES;
				GCC_WARN_64_TO_32_BIT_CONVERSION = YES;
				GCC_WARN_ABOUT_RETURN_TYPE = YES_ERROR;
				GCC_WARN_UNDECLARED_SELECTOR = YES;
				GCC_WARN_UNINITIALIZED_AUTOS = YES_AGGRESSIVE;
				GCC_WARN_UNUSED_FUNCTION = YES;
				GCC_WARN_UNUSED_VARIABLE = YES;
				IPHONEOS_DEPLOYMENT_TARGET = 26.2;
				LOCALIZATION_PREFERS_STRING_CATALOGS = YES;
				MTL_ENABLE_DEBUG_INFO = NO;
				MTL_FAST_MATH = YES;
				SDKROOT = iphoneos;
				SWIFT_COMPILATION_MODE = wholemodule;
				VALIDATE_PRODUCT = YES;
			};
			name = Release;
		};
		478CAC582F13A194002E5C1B /* Debug */ = {
			isa = XCBuildConfiguration;
			buildSettings = {
				ASSETCATALOG_COMPILER_APPICON_NAME = AppIcon;
				ASSETCATALOG_COMPILER_GLOBAL_ACCENT_COLOR_NAME = AccentColor;
				CODE_SIGN_STYLE = Automatic;
				CURRENT_PROJECT_VERSION = 1;
				ENABLE_PREVIEWS = YES;
				GENERATE_INFOPLIST_FILE = YES;
				INFOPLIST_FILE = DemoiOSInterview/Info.plist;
				INFOPLIST_KEY_LSApplicationCategoryType = "";
				INFOPLIST_KEY_NSUserTrackingUsageDescription = "This app uses data to deliver relevant ads.\n";
				INFOPLIST_KEY_UIApplicationSceneManifest_Generation = YES;
				INFOPLIST_KEY_UIApplicationSupportsIndirectInputEvents = YES;
				INFOPLIST_KEY_UILaunchScreen_Generation = YES;
				INFOPLIST_KEY_UISupportedInterfaceOrientations_iPad = "UIInterfaceOrientationPortrait UIInterfaceOrientationPortraitUpsideDown UIInterfaceOrientationLandscapeLeft UIInterfaceOrientationLandscapeRight";
				INFOPLIST_KEY_UISupportedInterfaceOrientations_iPhone = "UIInterfaceOrientationPortrait UIInterfaceOrientationLandscapeLeft UIInterfaceOrientationLandscapeRight";
				LD_RUNPATH_SEARCH_PATHS = (
					"$(inherited)",
					"@executable_path/Frameworks",
				);
				MARKETING_VERSION = 1.0;
				PRODUCT_BUNDLE_IDENTIFIER = com.DemoiOSInterview.com.DemoiOSInterview;
				PRODUCT_NAME = "$(TARGET_NAME)";
				STRING_CATALOG_GENERATE_SYMBOLS = YES;
				SWIFT_APPROACHABLE_CONCURRENCY = YES;
				SWIFT_DEFAULT_ACTOR_ISOLATION = MainActor;
				SWIFT_EMIT_LOC_STRINGS = YES;
				SWIFT_UPCOMING_FEATURE_MEMBER_IMPORT_VISIBILITY = YES;
				SWIFT_VERSION = 5.0;
				TARGETED_DEVICE_FAMILY = "1,2";
			};
			name = Debug;
		};
		478CAC592F13A194002E5C1B /* Release */ = {
			isa = XCBuildConfiguration;
			buildSettings = {
				ASSETCATALOG_COMPILER_APPICON_NAME = AppIcon;
				ASSETCATALOG_COMPILER_GLOBAL_ACCENT_COLOR_NAME = AccentColor;
				CODE_SIGN_STYLE = Automatic;
				CURRENT_PROJECT_VERSION = 1;
				ENABLE_PREVIEWS = YES;
				GENERATE_INFOPLIST_FILE = YES;
				INFOPLIST_FILE = DemoiOSInterview/Info.plist;
				INFOPLIST_KEY_LSApplicationCategoryType = "";
				INFOPLIST_KEY_NSUserTrackingUsageDescription = "This app uses data to deliver relevant ads.\n";
				INFOPLIST_KEY_UIApplicationSceneManifest_Generation = YES;
				INFOPLIST_KEY_UIApplicationSupportsIndirectInputEvents = YES;
				INFOPLIST_KEY_UILaunchScreen_Generation = YES;
				INFOPLIST_KEY_UISupportedInterfaceOrientations_iPad = "UIInterfaceOrientationPortrait UIInterfaceOrientationPortraitUpsideDown UIInterfaceOrientationLandscapeLeft UIInterfaceOrientationLandscapeRight";
				INFOPLIST_KEY_UISupportedInterfaceOrientations_iPhone = "UIInterfaceOrientationPortrait UIInterfaceOrientationLandscapeLeft UIInterfaceOrientationLandscapeRight";
				LD_RUNPATH_SEARCH_PATHS = (
					"$(inherited)",
					"@executable_path/Frameworks",
				);
				MARKETING_VERSION = 1.0;
				PRODUCT_BUNDLE_IDENTIFIER = com.DemoiOSInterview.com.DemoiOSInterview;
				PRODUCT_NAME = "$(TARGET_NAME)";
				STRING_CATALOG_GENERATE_SYMBOLS = YES;
				SWIFT_APPROACHABLE_CONCURRENCY = YES;
				SWIFT_DEFAULT_ACTOR_ISOLATION = MainActor;
				SWIFT_EMIT_LOC_STRINGS = YES;
				SWIFT_UPCOMING_FEATURE_MEMBER_IMPORT_VISIBILITY = YES;
				SWIFT_VERSION = 5.0;
				TARGETED_DEVICE_FAMILY = "1,2";
			};
			name = Release;
		};
		478CAC5B2F13A194002E5C1B /* Debug */ = {
			isa = XCBuildConfiguration;
			buildSettings = {
				BUNDLE_LOADER = "$(TEST_HOST)";
				CODE_SIGN_STYLE = Automatic;
				CURRENT_PROJECT_VERSION = 1;
				GENERATE_INFOPLIST_FILE = YES;
				IPHONEOS_DEPLOYMENT_TARGET = 26.2;
				MARKETING_VERSION = 1.0;
				PRODUCT_BUNDLE_IDENTIFIER = com.DemoiOSInterview.com.DemoiOSInterviewTests;
				PRODUCT_NAME = "$(TARGET_NAME)";
				STRING_CATALOG_GENERATE_SYMBOLS = NO;
				SWIFT_APPROACHABLE_CONCURRENCY = YES;
				SWIFT_EMIT_LOC_STRINGS = NO;
				SWIFT_UPCOMING_FEATURE_MEMBER_IMPORT_VISIBILITY = YES;
				SWIFT_VERSION = 5.0;
				TARGETED_DEVICE_FAMILY = "1,2";
				TEST_HOST = "$(BUILT_PRODUCTS_DIR)/DemoiOSInterview.app/$(BUNDLE_EXECUTABLE_FOLDER_PATH)/DemoiOSInterview";
			};
			name = Debug;
		};
		478CAC5C2F13A194002E5C1B /* Release */ = {
			isa = XCBuildConfiguration;
			buildSettings = {
				BUNDLE_LOADER = "$(TEST_HOST)";
				CODE_SIGN_STYLE = Automatic;
				CURRENT_PROJECT_VERSION = 1;
				GENERATE_INFOPLIST_FILE = YES;
				IPHONEOS_DEPLOYMENT_TARGET = 26.2;
				MARKETING_VERSION = 1.0;
				PRODUCT_BUNDLE_IDENTIFIER = com.DemoiOSInterview.com.DemoiOSInterviewTests;
				PRODUCT_NAME = "$(TARGET_NAME)";
				STRING_CATALOG_GENERATE_SYMBOLS = NO;
				SWIFT_APPROACHABLE_CONCURRENCY = YES;
				SWIFT_EMIT_LOC_STRINGS = NO;
				SWIFT_UPCOMING_FEATURE_MEMBER_IMPORT_VISIBILITY = YES;
				SWIFT_VERSION = 5.0;
				TARGETED_DEVICE_FAMILY = "1,2";
				TEST_HOST = "$(BUILT_PRODUCTS_DIR)/DemoiOSInterview.app/$(BUNDLE_EXECUTABLE_FOLDER_PATH)/DemoiOSInterview";
			};
			name = Release;
		};
		478CAC5E2F13A194002E5C1B /* Debug */ = {
			isa = XCBuildConfiguration;
			buildSettings = {
				CODE_SIGN_STYLE = Automatic;
				CURRENT_PROJECT_VERSION = 1;
				GENERATE_INFOPLIST_FILE = YES;
				MARKETING_VERSION = 1.0;
				PRODUCT_BUNDLE_IDENTIFIER = com.DemoiOSInterview.com.DemoiOSInterviewUITests;
				PRODUCT_NAME = "$(TARGET_NAME)";
				STRING_CATALOG_GENERATE_SYMBOLS = NO;
				SWIFT_APPROACHABLE_CONCURRENCY = YES;
				SWIFT_EMIT_LOC_STRINGS = NO;
				SWIFT_UPCOMING_FEATURE_MEMBER_IMPORT_VISIBILITY = YES;
				SWIFT_VERSION = 5.0;
				TARGETED_DEVICE_FAMILY = "1,2";
				TEST_TARGET_NAME = DemoiOSInterview;
			};
			name = Debug;
		};
		478CAC5F2F13A194002E5C1B /* Release */ = {
			isa = XCBuildConfiguration;
			buildSettings = {
				CODE_SIGN_STYLE = Automatic;
				CURRENT_PROJECT_VERSION = 1;
				GENERATE_INFOPLIST_FILE = YES;
				MARKETING_VERSION = 1.0;
				PRODUCT_BUNDLE_IDENTIFIER = com.DemoiOSInterview.com.DemoiOSInterviewUITests;
				PRODUCT_NAME = "$(TARGET_NAME)";
				STRING_CATALOG_GENERATE_SYMBOLS = NO;
				SWIFT_APPROACHABLE_CONCURRENCY = YES;
				SWIFT_EMIT_LOC_STRINGS = NO;
				SWIFT_UPCOMING_FEATURE_MEMBER_IMPORT_VISIBILITY = YES;
				SWIFT_VERSION = 5.0;
				TARGETED_DEVICE_FAMILY = "1,2";
				TEST_TARGET_NAME = DemoiOSInterview;
			};
			name = Release;
		};
/* End XCBuildConfiguration section */

/* Begin XCConfigurationList section */
		478CAC312F13A193002E5C1B /* Build configuration list for PBXProject "DemoiOSInterview" */ = {
			isa = XCConfigurationList;
			buildConfigurations = (
				478CAC552F13A194002E5C1B /* Debug */,
				478CAC562F13A194002E5C1B /* Release */,
			);
			defaultConfigurationIsVisible = 0;
			defaultConfigurationName = Release;
		};
		478CAC572F13A194002E5C1B /* Build configuration list for PBXNativeTarget "DemoiOSInterview" */ = {
			isa = XCConfigurationList;
			buildConfigurations = (
				478CAC582F13A194002E5C1B /* Debug */,
				478CAC592F13A194002E5C1B /* Release */,
			);
			defaultConfigurationIsVisible = 0;
			defaultConfigurationName = Release;
		};
		478CAC5A2F13A194002E5C1B /* Build configuration list for PBXNativeTarget "DemoiOSInterviewTests" */ = {
			isa = XCConfigurationList;
			buildConfigurations = (
				478CAC5B2F13A194002E5C1B /* Debug */,
				478CAC5C2F13A194002E5C1B /* Release */,
			);
			defaultConfigurationIsVisible = 0;
			defaultConfigurationName = Release;
		};
		478CAC5D2F13A194002E5C1B /* Build configuration list for PBXNativeTarget "DemoiOSInterviewUITests" */ = {
			isa = XCConfigurationList;
			buildConfigurations = (
				478CAC5E2F13A194002E5C1B /* Debug */,
				478CAC5F2F13A194002E5C1B /* Release */,
			);
			defaultConfigurationIsVisible = 0;
			defaultConfigurationName = Release;
		};
/* End XCConfigurationList section */

/* Begin XCRemoteSwiftPackageReference section */
		A2D563A82F2F5FDE00DCF654 /* XCRemoteSwiftPackageReference "swift-package-manager-google-mobile-ads" */ = {
			isa = XCRemoteSwiftPackageReference;
			repositoryURL = "https://github.com/googleads/swift-package-manager-google-mobile-ads";
			requirement = {
				kind = upToNextMajorVersion;
				minimumVersion = 12.14.0;
			};
		};
/* End XCRemoteSwiftPackageReference section */

/* Begin XCSwiftPackageProductDependency section */
		A2D563A92F2F5FDE00DCF654 /* GoogleMobileAds */ = {
			isa = XCSwiftPackageProductDependency;
			package = A2D563A82F2F5FDE00DCF654 /* XCRemoteSwiftPackageReference "swift-package-manager-google-mobile-ads" */;
			productName = GoogleMobileAds;
		};
/* End XCSwiftPackageProductDependency section */
	};
	rootObject = 478CAC2E2F13A193002E5C1B /* Project object */;
}
